# This file is automatically @generated by Cargo.
# It is not intended for manual editing.
version = 3

[[package]]
name = "byteorder"
version = "1.4.3"
source = "registry+https://github.com/rust-lang/crates.io-index"
checksum = "14c189c53d098945499cdfa7ecc63567cf3886b3332b312a5b4585d8d3a6a610"

[[package]]
name = "ole"
version = "0.1.15"
source = "registry+https://github.com/rust-lang/crates.io-index"
checksum = "4f0add6eeb62fdaf7afd332d52763f27d365cfd047f95e232671532c1efb3a66"

[[package]]
name = "uv-vis-ir"
version = "0.1.0"
dependencies = [
 "byteorder",
 "ole",
]
